PODS:
  - Capacitor (3.0.0-beta.6):
    - CapacitorCordova
  - CapacitorCordova (3.0.0-beta.6)
  - SwiftLint (0.42.0)

DEPENDENCIES:
  - "Capacitor (from `../node_modules/@capacitor/ios`)"
  - "CapacitorCordova (from `../node_modules/@capacitor/ios`)"
  - SwiftLint

SPEC REPOS:
  trunk:
    - SwiftLint

EXTERNAL SOURCES:
  Capacitor:
    :path: "../node_modules/@capacitor/ios"
  CapacitorCordova:
    :path: "../node_modules/@capacitor/ios"

SPEC CHECKSUMS:
  Capacitor: d35bd4c1e12e6efdc6d9a862f436dec67cfb081b
  CapacitorCordova: 00a0e1fd7dd76b43beb6993aaa6ffacd28cb57cb
  SwiftLint: 4fa9579c63416865179bc416f0a92d55f009600d

PODFILE CHECKSUM: 7e65243e44d2ebb870974d311e6a896a975f136b

COCOAPODS: 1.10.0
